// !$*UTF8*$!
{
	archiveVersion = 1;
	classes = {
	};
	objectVersion = 46;
	objects = {

/* Begin PBXBuildFile section */
		682571701A37150B00F117DF /* AppDelegate.swift in Sources */ = {isa = PBXBuildFile; fileRef = 6825716F1A37150B00F117DF /* AppDelegate.swift */; };
		682571721A37150B00F117DF /* ViewController.swift in Sources */ = {isa = PBXBuildFile; fileRef = 682571711A37150B00F117DF /* ViewController.swift */; };
		682571751A37150B00F117DF /* Main.storyboard in Resources */ = {isa = PBXBuildFile; fileRef = 682571731A37150B00F117DF /* Main.storyboard */; };
		682571771A37150B00F117DF /* Images.xcassets in Resources */ = {isa = PBXBuildFile; fileRef = 682571761A37150B00F117DF /* Images.xcassets */; };
		6825717A1A37150B00F117DF /* LaunchScreen.xib in Resources */ = {isa = PBXBuildFile; fileRef = 682571781A37150B00F117DF /* LaunchScreen.xib */; };
		682571901A37164000F117DF /* WKPhotoBrowserLayout.swift in Sources */ = {isa = PBXBuildFile; fileRef = 6825718F1A37164000F117DF /* WKPhotoBrowserLayout.swift */; };
		68E6510E1A371A5C00607011 /* WKPhotoBrowserCell.swift in Sources */ = {isa = PBXBuildFile; fileRef = 68E6510D1A371A5C00607011 /* WKPhotoBrowserCell.swift */; };
		68EF91471A3B2E640008DDCB /* WKPhotoBrowserListLayout.swift in Sources */ = {isa = PBXBuildFile; fileRef = 68EF91461A3B2E640008DDCB /* WKPhotoBrowserListLayout.swift */; };
		68EF91491A3B32550008DDCB /* WKPhotoBrowserListViewController.swift in Sources */ = {isa = PBXBuildFile; fileRef = 68EF91481A3B32550008DDCB /* WKPhotoBrowserListViewController.swift */; };
		68EF914B1A3B36580008DDCB /* WKPhotoBrowserListCell.swift in Sources */ = {isa = PBXBuildFile; fileRef = 68EF914A1A3B36580008DDCB /* WKPhotoBrowserListCell.swift */; };
		68EF914D1A3B4FE00008DDCB /* WKPhotoBrowserTransition.swift in Sources */ = {isa = PBXBuildFile; fileRef = 68EF914C1A3B4FE00008DDCB /* WKPhotoBrowserTransition.swift */; };
		68EF914F1A3B51690008DDCB /* WKPhotoBrowserNavigationViewController.swift in Sources */ = {isa = PBXBuildFile; fileRef = 68EF914E1A3B51690008DDCB /* WKPhotoBrowserNavigationViewController.swift */; };
/* End PBXBuildFile section */

/* Begin PBXFileReference section */
		6825716A1A37150B00F117DF /* WKPhotoBrowser.app */ = {isa = PBXFileReference; explicitFileType = wrapper.application; includeInIndex = 0; path = WKPhotoBrowser.app; sourceTree = BUILT_PRODUCTS_DIR; };
		6825716E1A37150B00F117DF /* Info.plist */ = {isa = PBXFileReference; lastKnownFileType = text.plist.xml; path = Info.plist; sourceTree = "<group>"; };
		6825716F1A37150B00F117DF /* AppDelegate.swift */ = {isa = PBXFileReference; lastKnownFileType = sourcecode.swift; path = AppDelegate.swift; sourceTree = "<group>"; };
		682571711A37150B00F117DF /* ViewController.swift */ = {isa = PBXFileReference; lastKnownFileType = sourcecode.swift; path = ViewController.swift; sourceTree = "<group>"; };
		682571741A37150B00F117DF /* Base */ = {isa = PBXFileReference; lastKnownFileType = file.storyboard; name = Base; path = Base.lproj/Main.storyboard; sourceTree = "<group>"; };
		682571761A37150B00F117DF /* Images.xcassets */ = {isa = PBXFileReference; lastKnownFileType = folder.assetcatalog; path = Images.xcassets; sourceTree = "<group>"; };
		682571791A37150B00F117DF /* Base */ = {isa = PBXFileReference; lastKnownFileType = file.xib; name = Base; path = Base.lproj/LaunchScreen.xib; sourceTree = "<group>"; };
		6825718F1A37164000F117DF /* WKPhotoBrowserLayout.swift */ = {isa = PBXFileReference; fileEncoding = 4; lastKnownFileType = sourcecode.swift; path = WKPhotoBrowserLayout.swift; sourceTree = "<group>"; };
		68E6510D1A371A5C00607011 /* WKPhotoBrowserCell.swift */ = {isa = PBXFileReference; fileEncoding = 4; lastKnownFileType = sourcecode.swift; path = WKPhotoBrowserCell.swift; sourceTree = "<group>"; };
		68EF91461A3B2E640008DDCB /* WKPhotoBrowserListLayout.swift */ = {isa = PBXFileReference; fileEncoding = 4; lastKnownFileType = sourcecode.swift; path = WKPhotoBrowserListLayout.swift; sourceTree = "<group>"; };
		68EF91481A3B32550008DDCB /* WKPhotoBrowserListViewController.swift */ = {isa = PBXFileReference; fileEncoding = 4; lastKnownFileType = sourcecode.swift; path = WKPhotoBrowserListViewController.swift; sourceTree = "<group>"; };
		68EF914A1A3B36580008DDCB /* WKPhotoBrowserListCell.swift */ = {isa = PBXFileReference; fileEncoding = 4; lastKnownFileType = sourcecode.swift; path = WKPhotoBrowserListCell.swift; sourceTree = "<group>"; };
		68EF914C1A3B4FE00008DDCB /* WKPhotoBrowserTransition.swift */ = {isa = PBXFileReference; fileEncoding = 4; lastKnownFileType = sourcecode.swift; path = WKPhotoBrowserTransition.swift; sourceTree = "<group>"; };
		68EF914E1A3B51690008DDCB /* WKPhotoBrowserNavigationViewController.swift */ = {isa = PBXFileReference; fileEncoding = 4; lastKnownFileType = sourcecode.swift; path = WKPhotoBrowserNavigationViewController.swift; sourceTree = "<group>"; };
/* End PBXFileReference section */

/* Begin PBXFrameworksBuildPhase section */
		682571671A37150B00F117DF /* Frameworks */ = {
			isa = PBXFrameworksBuildPhase;
			buildActionMask = 2147483647;
			files = (
			);
			runOnlyForDeploymentPostprocessing = 0;
		};
/* End PBXFrameworksBuildPhase section */

/* Begin PBXGroup section */
		682571611A37150B00F117DF = {
			isa = PBXGroup;
			children = (
				6825716C1A37150B00F117DF /* WKPhotoBrowser */,
				6825716B1A37150B00F117DF /* Products */,
			);
			sourceTree = "<group>";
		};
		6825716B1A37150B00F117DF /* Products */ = {
			isa = PBXGroup;
			children = (
				6825716A1A37150B00F117DF /* WKPhotoBrowser.app */,
			);
			name = Products;
			sourceTree = "<group>";
		};
		6825716C1A37150B00F117DF /* WKPhotoBrowser */ = {
			isa = PBXGroup;
			children = (
				6825716F1A37150B00F117DF /* AppDelegate.swift */,
				682571711A37150B00F117DF /* ViewController.swift */,
				682571731A37150B00F117DF /* Main.storyboard */,
				682571761A37150B00F117DF /* Images.xcassets */,
				682571781A37150B00F117DF /* LaunchScreen.xib */,
				6825716D1A37150B00F117DF /* Supporting Files */,
				6825718F1A37164000F117DF /* WKPhotoBrowserLayout.swift */,
				68E6510D1A371A5C00607011 /* WKPhotoBrowserCell.swift */,
				68EF91461A3B2E640008DDCB /* WKPhotoBrowserListLayout.swift */,
				68EF91481A3B32550008DDCB /* WKPhotoBrowserListViewController.swift */,
				68EF914A1A3B36580008DDCB /* WKPhotoBrowserListCell.swift */,
				68EF914C1A3B4FE00008DDCB /* WKPhotoBrowserTransition.swift */,
				68EF914E1A3B51690008DDCB /* WKPhotoBrowserNavigationViewController.swift */,
			);
			path = WKPhotoBrowser;
			sourceTree = "<group>";
		};
		6825716D1A37150B00F117DF /* Supporting Files */ = {
			isa = PBXGroup;
			children = (
				6825716E1A37150B00F117DF /* Info.plist */,
			);
			name = "Supporting Files";
			sourceTree = "<group>";
		};
/* End PBXGroup section */

/* Begin PBXNativeTarget section */
		682571691A37150B00F117DF /* WKPhotoBrowser */ = {
			isa = PBXNativeTarget;
			buildConfigurationList = 682571891A37150B00F117DF /* Build configuration list for PBXNativeTarget "WKPhotoBrowser" */;
			buildPhases = (
				682571661A37150B00F117DF /* Sources */,
				682571671A37150B00F117DF /* Frameworks */,
				682571681A37150B00F117DF /* Resources */,
			);
			buildRules = (
			);
			dependencies = (
			);
			name = WKPhotoBrowser;
			productName = WKPhotoBrowser;
			productReference = 6825716A1A37150B00F117DF /* WKPhotoBrowser.app */;
			productType = "com.apple.product-type.application";
		};
/* End PBXNativeTarget section */

/* Begin PBXProject section */
		682571621A37150B00F117DF /* Project object */ = {
			isa = PBXProject;
			attributes = {
				LastUpgradeCheck = 0610;
				ORGANIZATIONNAME = "秦 道平";
				TargetAttributes = {
					682571691A37150B00F117DF = {
						CreatedOnToolsVersion = 6.1;
					};
				};
			};
			buildConfigurationList = 682571651A37150B00F117DF /* Build configuration list for PBXProject "WKPhotoBrowser" */;
			compatibilityVersion = "Xcode 3.2";
			developmentRegion = English;
			hasScannedForEncodings = 0;
			knownRegions = (
				en,
				Base,
			);
			mainGroup = 682571611A37150B00F117DF;
			productRefGroup = 6825716B1A37150B00F117DF /* Products */;
			projectDirPath = "";
			projectRoot = "";
			targets = (
				682571691A37150B00F117DF /* WKPhotoBrowser */,
			);
		};
/* End PBXProject section */

/* Begin PBXResourcesBuildPhase section */
		682571681A37150B00F117DF /* Resources */ = {
			isa = PBXResourcesBuildPhase;
			buildActionMask = 2147483647;
			files = (
				682571751A37150B00F117DF /* Main.storyboard in Resources */,
				6825717A1A37150B00F117DF /* LaunchScreen.xib in Resources */,
				682571771A37150B00F117DF /* Images.xcassets in Resources */,
			);
			runOnlyForDeploymentPostprocessing = 0;
		};
/* End PBXResourcesBuildPhase section */

/* Begin PBXSourcesBuildPhase section */
		682571661A37150B00F117DF /* Sources */ = {
			isa = PBXSourcesBuildPhase;
			buildActionMask = 2147483647;
			files = (
				68EF914F1A3B51690008DDCB /* WKPhotoBrowserNavigationViewController.swift in Sources */,
				68EF914B1A3B36580008DDCB /* WKPhotoBrowserListCell.swift in Sources */,
				682571721A37150B00F117DF /* ViewController.swift in Sources */,
				68EF91471A3B2E640008DDCB /* WKPhotoBrowserListLayout.swift in Sources */,
				682571701A37150B00F117DF /* AppDelegate.swift in Sources */,
				68EF914D1A3B4FE00008DDCB /* WKPhotoBrowserTransition.swift in Sources */,
				682571901A37164000F117DF /* WKPhotoBrowserLayout.swift in Sources */,
				68EF91491A3B32550008DDCB /* WKPhotoBrowserListViewController.swift in Sources */,
				68E6510E1A371A5C00607011 /* WKPhotoBrowserCell.swift in Sources */,
			);
			runOnlyForDeploymentPostprocessing = 0;
		};
/* End PBXSourcesBuildPhase section */

/* Begin PBXVariantGroup section */
		682571731A37150B00F117DF /* Main.storyboard */ = {
			isa = PBXVariantGroup;
			children = (
				682571741A37150B00F117DF /* Base */,
			);
			name = Main.storyboard;
			sourceTree = "<group>";
		};
		682571781A37150B00F117DF /* LaunchScreen.xib */ = {
			isa = PBXVariantGroup;
			children = (
				682571791A37150B00F117DF /* Base */,
			);
			name = LaunchScreen.xib;
			sourceTree = "<group>";
		};
/* End PBXVariantGroup section */

/* Begin XCBuildConfiguration section */
		682571871A37150B00F117DF /* Debug */ = {
			isa = XCBuildConfiguration;
			buildSettings = {
				ALWAYS_SEARCH_USER_PATHS = NO;
				CLANG_CXX_LANGUAGE_STANDARD = "gnu++0x";
				CLANG_CXX_LIBRARY = "libc++";
				CLANG_ENABLE_MODULES = YES;
				CLANG_ENABLE_OBJC_ARC = YES;
				CLANG_WARN_BOOL_CONVERSION = YES;
				CLANG_WARN_CONSTANT_CONVERSION = YES;
				CLANG_WARN_DIRECT_OBJC_ISA_USAGE = YES_ERROR;
				CLANG_WARN_EMPTY_BODY = YES;
				CLANG_WARN_ENUM_CONVERSION = YES;
				CLANG_WARN_INT_CONVERSION = YES;
				CLANG_WARN_OBJC_ROOT_CLASS = YES_ERROR;
				CLANG_WARN_UNREACHABLE_CODE = YES;
				CLANG_WARN__DUPLICATE_METHOD_MATCH = YES;
				"CODE_SIGN_IDENTITY[sdk=iphoneos*]" = "iPhone Developer";
				COPY_PHASE_STRIP = NO;
				ENABLE_STRICT_OBJC_MSGSEND = YES;
				GCC_C_LANGUAGE_STANDARD = gnu99;
				GCC_DYNAMIC_NO_PIC = NO;
				GCC_OPTIMIZATION_LEVEL = 0;
				GCC_PREPROCESSOR_DEFINITIONS = (
					"DEBUG=1",
					"$(inherited)",
				);
				GCC_SYMBOLS_PRIVATE_EXTERN = NO;
				GCC_WARN_64_TO_32_BIT_CONVERSION = YES;
				GCC_WARN_ABOUT_RETURN_TYPE = YES_ERROR;
				GCC_WARN_UNDECLARED_SELECTOR = YES;
				GCC_WARN_UNINITIALIZED_AUTOS = YES_AGGRESSIVE;
				GCC_WARN_UNUSED_FUNCTION = YES;
				GCC_WARN_UNUSED_VARIABLE = YES;
				IPHONEOS_DEPLOYMENT_TARGET = 8.1;
				MTL_ENABLE_DEBUG_INFO = YES;
				ONLY_ACTIVE_ARCH = YES;
				SDKROOT = iphoneos;
				SWIFT_OPTIMIZATION_LEVEL = "-Onone";
			};
			name = Debug;
		};
		682571881A37150B00F117DF /* Release */ = {
			isa = XCBuildConfiguration;
			buildSettings = {
				ALWAYS_SEARCH_USER_PATHS = NO;
				CLANG_CXX_LANGUAGE_STANDARD = "gnu++0x";
				CLANG_CXX_LIBRARY = "libc++";
				CLANG_ENABLE_MODULES = YES;
				CLANG_ENABLE_OBJC_ARC = YES;
				CLANG_WARN_BOOL_CONVERSION = YES;
				CLANG_WARN_CONSTANT_CONVERSION = YES;
				CLANG_WARN_DIRECT_OBJC_ISA_USAGE = YES_ERROR;
				CLANG_WARN_EMPTY_BODY = YES;
				CLANG_WARN_ENUM_CONVERSION = YES;
				CLANG_WARN_INT_CONVERSION = YES;
				CLANG_WARN_OBJC_ROOT_CLASS = YES_ERROR;
				CLANG_WARN_UNREACHABLE_CODE = YES;
				CLANG_WARN__DUPLICATE_METHOD_MATCH = YES;
				"CODE_SIGN_IDENTITY[sdk=iphoneos*]" = "iPhone Developer";
				COPY_PHASE_STRIP = YES;
				ENABLE_NS_ASSERTIONS = NO;
				ENABLE_STRICT_OBJC_MSGSEND = YES;
				GCC_C_LANGUAGE_STANDARD = gnu99;
				GCC_WARN_64_TO_32_BIT_CONVERSION = YES;
				GCC_WARN_ABOUT_RETURN_TYPE = YES_ERROR;
				GCC_WARN_UNDECLARED_SELECTOR = YES;
				GCC_WARN_UNINITIALIZED_AUTOS = YES_AGGRESSIVE;
				GCC_WARN_UNUSED_FUNCTION = YES;
				GCC_WARN_UNUSED_VARIABLE = YES;
				IPHONEOS_DEPLOYMENT_TARGET = 8.1;
				MTL_ENABLE_DEBUG_INFO = NO;
				SDKROOT = iphoneos;
				VALIDATE_PRODUCT = YES;
			};
			name = Release;
		};
		6825718A1A37150B00F117DF /* Debug */ = {
			isa = XCBuildConfiguration;
			buildSettings = {
				ASSETCATALOG_COMPILER_APPICON_NAME = AppIcon;
				INFOPLIST_FILE = WKPhotoBrowser/Info.plist;
				LD_RUNPATH_SEARCH_PATHS = "$(inherited) @executable_path/Frameworks";
				PRODUCT_NAME = "$(TARGET_NAME)";
			};
			name = Debug;
		};
		6825718B1A37150B00F117DF /* Release */ = {
			isa = XCBuildConfiguration;
			buildSettings = {
				ASSETCATALOG_COMPILER_APPICON_NAME = AppIcon;
				INFOPLIST_FILE = WKPhotoBrowser/Info.plist;
				LD_RUNPATH_SEARCH_PATHS = "$(inherited) @executable_path/Frameworks";
				PRODUCT_NAME = "$(TARGET_NAME)";
			};
			name = Release;
		};
/* End XCBuildConfiguration section */

/* Begin XCConfigurationList section */
		682571651A37150B00F117DF /* Build configuration list for PBXProject "WKPhotoBrowser" */ = {
			isa = XCConfigurationList;
			buildConfigurations = (
				682571871A37150B00F117DF /* Debug */,
				682571881A37150B00F117DF /* Release */,
			);
			defaultConfigurationIsVisible = 0;
			defaultConfigurationName = Release;
		};
		682571891A37150B00F117DF /* Build configuration list for PBXNativeTarget "WKPhotoBrowser" */ = {
			isa = XCConfigurationList;
			buildConfigurations = (
				6825718A1A37150B00F117DF /* Debug */,
				6825718B1A37150B00F117DF /* Release */,
			);
			defaultConfigurationIsVisible = 0;
			defaultConfigurationName = Release;
		};
/* End XCConfigurationList section */
	};
	rootObject = 682571621A37150B00F117DF /* Project object */;
}
